// !$*UTF8*$!
{
	archiveVersion = 1;
	classes = {
	};
	objectVersion = 56;
	objects = {

/* Begin PBXBuildFile section */
		1F03C0D92B629FCD006134B4 /* Background_loop.mp4 in Resources */ = {isa = PBXBuildFile; fileRef = 1F03C0D82B629F9E006134B4 /* Background_loop.mp4 */; };
		1F03C0DB2B62ACF3006134B4 /* Background_reverse.mp4 in Resources */ = {isa = PBXBuildFile; fileRef = 1F03C0DA2B62ACF3006134B4 /* Background_reverse.mp4 */; };
		1F785C772B6242C500896E10 /* myBuddyBuddyApp.swift in Sources */ = {isa = PBXBuildFile; fileRef = 1F785C762B6242C500896E10 /* myBuddyBuddyApp.swift */; };
		1F785C7B2B6242C800896E10 /* Assets.xcassets in Resources */ = {isa = PBXBuildFile; fileRef = 1F785C7A2B6242C800896E10 /* Assets.xcassets */; };
		1F785C7E2B6242C800896E10 /* Preview Assets.xcassets in Resources */ = {isa = PBXBuildFile; fileRef = 1F785C7D2B6242C800896E10 /* Preview Assets.xcassets */; };
		1F785CB92B6247CE00896E10 /* LoginView.swift in Sources */ = {isa = PBXBuildFile; fileRef = 1F785CB82B6247CE00896E10 /* LoginView.swift */; };
		1F785CBC2B6248A400896E10 /* AuthFieldModifiler.swift in Sources */ = {isa = PBXBuildFile; fileRef = 1F785CBB2B6248A400896E10 /* AuthFieldModifiler.swift */; };
		1F785CBE2B6248E200896E10 /* AuthActionButtonModifier.swift in Sources */ = {isa = PBXBuildFile; fileRef = 1F785CBD2B6248E200896E10 /* AuthActionButtonModifier.swift */; };
		1F785CC12B62491600896E10 /* RegistrationView.swift in Sources */ = {isa = PBXBuildFile; fileRef = 1F785CC02B62491600896E10 /* RegistrationView.swift */; };
		1F785CC32B624A9C00896E10 /* BuddyLogoModifier.swift in Sources */ = {isa = PBXBuildFile; fileRef = 1F785CC22B624A9C00896E10 /* BuddyLogoModifier.swift */; };
		1F785CC82B62606D00896E10 /* VideoBackgroundView.swift in Sources */ = {isa = PBXBuildFile; fileRef = 1F785CC72B62606D00896E10 /* VideoBackgroundView.swift */; };
		1F785CCA2B62621D00896E10 /* Background.mp4 in Resources */ = {isa = PBXBuildFile; fileRef = 1F785CC92B6261AB00896E10 /* Background.mp4 */; };
		1F785CCC2B626D8300896E10 /* ThreadsTabView.swift in Sources */ = {isa = PBXBuildFile; fileRef = 1F785CCB2B626D8300896E10 /* ThreadsTabView.swift */; };
		1F785CCE2B62811200896E10 /* buddy_login.mp3 in Resources */ = {isa = PBXBuildFile; fileRef = 1F785CCD2B62811200896E10 /* buddy_login.mp3 */; };
		1F785CD02B62811700896E10 /* buddy_newMessage.mp3 in Resources */ = {isa = PBXBuildFile; fileRef = 1F785CCF2B62811700896E10 /* buddy_newMessage.mp3 */; };
/* End PBXBuildFile section */

/* Begin PBXFileReference section */
		1F03C0D82B629F9E006134B4 /* Background_loop.mp4 */ = {isa = PBXFileReference; lastKnownFileType = file; path = Background_loop.mp4; sourceTree = "<group>"; };
		1F03C0DA2B62ACF3006134B4 /* Background_reverse.mp4 */ = {isa = PBXFileReference; lastKnownFileType = file; path = Background_reverse.mp4; sourceTree = "<group>"; };
		1F785C732B6242C500896E10 /* myBuddyBuddy.app */ = {isa = PBXFileReference; explicitFileType = wrapper.application; includeInIndex = 0; path = myBuddyBuddy.app; sourceTree = BUILT_PRODUCTS_DIR; };
		1F785C762B6242C500896E10 /* myBuddyBuddyApp.swift */ = {isa = PBXFileReference; lastKnownFileType = sourcecode.swift; path = myBuddyBuddyApp.swift; sourceTree = "<group>"; };
		1F785C7A2B6242C800896E10 /* Assets.xcassets */ = {isa = PBXFileReference; lastKnownFileType = folder.assetcatalog; path = Assets.xcassets; sourceTree = "<group>"; };
		1F785C7D2B6242C800896E10 /* Preview Assets.xcassets */ = {isa = PBXFileReference; lastKnownFileType = folder.assetcatalog; path = "Preview Assets.xcassets"; sourceTree = "<group>"; };
		1F785CB82B6247CE00896E10 /* LoginView.swift */ = {isa = PBXFileReference; lastKnownFileType = sourcecode.swift; path = LoginView.swift; sourceTree = "<group>"; };
		1F785CBB2B6248A400896E10 /* AuthFieldModifiler.swift */ = {isa = PBXFileReference; lastKnownFileType = sourcecode.swift; path = AuthFieldModifiler.swift; sourceTree = "<group>"; };
		1F785CBD2B6248E200896E10 /* AuthActionButtonModifier.swift */ = {isa = PBXFileReference; lastKnownFileType = sourcecode.swift; path = AuthActionButtonModifier.swift; sourceTree = "<group>"; };
		1F785CC02B62491600896E10 /* RegistrationView.swift */ = {isa = PBXFileReference; lastKnownFileType = sourcecode.swift; path = RegistrationView.swift; sourceTree = "<group>"; };
		1F785CC22B624A9C00896E10 /* BuddyLogoModifier.swift */ = {isa = PBXFileReference; lastKnownFileType = sourcecode.swift; path = BuddyLogoModifier.swift; sourceTree = "<group>"; };
		1F785CC72B62606D00896E10 /* VideoBackgroundView.swift */ = {isa = PBXFileReference; lastKnownFileType = sourcecode.swift; path = VideoBackgroundView.swift; sourceTree = "<group>"; };
		1F785CC92B6261AB00896E10 /* Background.mp4 */ = {isa = PBXFileReference; lastKnownFileType = file; path = Background.mp4; sourceTree = "<group>"; };
		1F785CCB2B626D8300896E10 /* ThreadsTabView.swift */ = {isa = PBXFileReference; lastKnownFileType = sourcecode.swift; path = ThreadsTabView.swift; sourceTree = "<group>"; };
		1F785CCD2B62811200896E10 /* buddy_login.mp3 */ = {isa = PBXFileReference; lastKnownFileType = audio.mp3; path = buddy_login.mp3; sourceTree = "<group>"; };
		1F785CCF2B62811700896E10 /* buddy_newMessage.mp3 */ = {isa = PBXFileReference; lastKnownFileType = audio.mp3; path = buddy_newMessage.mp3; sourceTree = "<group>"; };
/* End PBXFileReference section */

/* Begin PBXFrameworksBuildPhase section */
		1F785C702B6242C500896E10 /* Frameworks */ = {
			isa = PBXFrameworksBuildPhase;
			buildActionMask = 2147483647;
			files = (
			);
			runOnlyForDeploymentPostprocessing = 0;
		};
/* End PBXFrameworksBuildPhase section */

/* Begin PBXGroup section */
		1F785C6A2B6242C500896E10 = {
			isa = PBXGroup;
			children = (
				1F785C752B6242C500896E10 /* myBuddyBuddy */,
				1F785C742B6242C500896E10 /* Products */,
			);
			sourceTree = "<group>";
		};
		1F785C742B6242C500896E10 /* Products */ = {
			isa = PBXGroup;
			children = (
				1F785C732B6242C500896E10 /* myBuddyBuddy.app */,
			);
			name = Products;
			sourceTree = "<group>";
		};
		1F785C752B6242C500896E10 /* myBuddyBuddy */ = {
			isa = PBXGroup;
			children = (
				1F785CB62B62478400896E10 /* Models */,
				1F785CB52B62474700896E10 /* Views */,
				1F785CB72B62479500896E10 /* ViewModels */,
				1F785CBA2B62486600896E10 /* Modifiers */,
				1F785CC42B62591100896E10 /* Utilities */,
				1F785CB42B6246D200896E10 /* Supporting files */,
				1F785C762B6242C500896E10 /* myBuddyBuddyApp.swift */,
				1F785C7A2B6242C800896E10 /* Assets.xcassets */,
				1F785C7C2B6242C800896E10 /* Preview Content */,
			);
			path = myBuddyBuddy;
			sourceTree = "<group>";
		};
		1F785C7C2B6242C800896E10 /* Preview Content */ = {
			isa = PBXGroup;
			children = (
				1F785C7D2B6242C800896E10 /* Preview Assets.xcassets */,
			);
			path = "Preview Content";
			sourceTree = "<group>";
		};
		1F785CB42B6246D200896E10 /* Supporting files */ = {
			isa = PBXGroup;
			children = (
			);
			path = "Supporting files";
			sourceTree = "<group>";
		};
		1F785CB52B62474700896E10 /* Views */ = {
			isa = PBXGroup;
			children = (
				1F785CB82B6247CE00896E10 /* LoginView.swift */,
				1F785CC02B62491600896E10 /* RegistrationView.swift */,
				1F785CCB2B626D8300896E10 /* ThreadsTabView.swift */,
			);
			path = Views;
			sourceTree = "<group>";
		};
		1F785CB62B62478400896E10 /* Models */ = {
			isa = PBXGroup;
			children = (
			);
			path = Models;
			sourceTree = "<group>";
		};
		1F785CB72B62479500896E10 /* ViewModels */ = {
			isa = PBXGroup;
			children = (
			);
			path = ViewModels;
			sourceTree = "<group>";
		};
		1F785CBA2B62486600896E10 /* Modifiers */ = {
			isa = PBXGroup;
			children = (
				1F785CBB2B6248A400896E10 /* AuthFieldModifiler.swift */,
				1F785CBD2B6248E200896E10 /* AuthActionButtonModifier.swift */,
				1F785CC22B624A9C00896E10 /* BuddyLogoModifier.swift */,
			);
			path = Modifiers;
			sourceTree = "<group>";
		};
		1F785CC42B62591100896E10 /* Utilities */ = {
			isa = PBXGroup;
			children = (
				1F785CC72B62606D00896E10 /* VideoBackgroundView.swift */,
				1F785CCD2B62811200896E10 /* buddy_login.mp3 */,
				1F785CCF2B62811700896E10 /* buddy_newMessage.mp3 */,
				1F785CC92B6261AB00896E10 /* Background.mp4 */,
				1F03C0DA2B62ACF3006134B4 /* Background_reverse.mp4 */,
				1F03C0D82B629F9E006134B4 /* Background_loop.mp4 */,
			);
			path = Utilities;
			sourceTree = "<group>";
		};
/* End PBXGroup section */

/* Begin PBXNativeTarget section */
		1F785C722B6242C500896E10 /* myBuddyBuddy */ = {
			isa = PBXNativeTarget;
			buildConfigurationList = 1F785C812B6242C800896E10 /* Build configuration list for PBXNativeTarget "myBuddyBuddy" */;
			buildPhases = (
				1F785C6F2B6242C500896E10 /* Sources */,
				1F785C702B6242C500896E10 /* Frameworks */,
				1F785C712B6242C500896E10 /* Resources */,
			);
			buildRules = (
			);
			dependencies = (
			);
			name = myBuddyBuddy;
			productName = myBuddyBuddy;
			productReference = 1F785C732B6242C500896E10 /* myBuddyBuddy.app */;
			productType = "com.apple.product-type.application";
		};
/* End PBXNativeTarget section */

/* Begin PBXProject section */
		1F785C6B2B6242C500896E10 /* Project object */ = {
			isa = PBXProject;
			attributes = {
				BuildIndependentTargetsInParallel = 1;
				LastSwiftUpdateCheck = 1520;
				LastUpgradeCheck = 1520;
				TargetAttributes = {
					1F785C722B6242C500896E10 = {
						CreatedOnToolsVersion = 15.2;
					};
				};
			};
			buildConfigurationList = 1F785C6E2B6242C500896E10 /* Build configuration list for PBXProject "myBuddyBuddy" */;
			compatibilityVersion = "Xcode 14.0";
			developmentRegion = en;
			hasScannedForEncodings = 0;
			knownRegions = (
				en,
				Base,
			);
			mainGroup = 1F785C6A2B6242C500896E10;
			productRefGroup = 1F785C742B6242C500896E10 /* Products */;
			projectDirPath = "";
			projectRoot = "";
			targets = (
				1F785C722B6242C500896E10 /* myBuddyBuddy */,
			);
		};
/* End PBXProject section */

/* Begin PBXResourcesBuildPhase section */
		1F785C712B6242C500896E10 /* Resources */ = {
			isa = PBXResourcesBuildPhase;
			buildActionMask = 2147483647;
			files = (
				1F785C7E2B6242C800896E10 /* Preview Assets.xcassets in Resources */,
				1F785CCE2B62811200896E10 /* buddy_login.mp3 in Resources */,
				1F785C7B2B6242C800896E10 /* Assets.xcassets in Resources */,
				1F785CCA2B62621D00896E10 /* Background.mp4 in Resources */,
				1F03C0DB2B62ACF3006134B4 /* Background_reverse.mp4 in Resources */,
				1F785CD02B62811700896E10 /* buddy_newMessage.mp3 in Resources */,
				1F03C0D92B629FCD006134B4 /* Background_loop.mp4 in Resources */,
			);
			runOnlyForDeploymentPostprocessing = 0;
		};
/* End PBXResourcesBuildPhase section */

/* Begin PBXSourcesBuildPhase section */
		1F785C6F2B6242C500896E10 /* Sources */ = {
			isa = PBXSourcesBuildPhase;
			buildActionMask = 2147483647;
			files = (
				1F785CC32B624A9C00896E10 /* BuddyLogoModifier.swift in Sources */,
				1F785CBE2B6248E200896E10 /* AuthActionButtonModifier.swift in Sources */,
				1F785CC82B62606D00896E10 /* VideoBackgroundView.swift in Sources */,
				1F785CB92B6247CE00896E10 /* LoginView.swift in Sources */,
				1F785CCC2B626D8300896E10 /* ThreadsTabView.swift in Sources */,
				1F785CBC2B6248A400896E10 /* AuthFieldModifiler.swift in Sources */,
				1F785C772B6242C500896E10 /* myBuddyBuddyApp.swift in Sources */,
				1F785CC12B62491600896E10 /* RegistrationView.swift in Sources */,
			);
			runOnlyForDeploymentPostprocessing = 0;
		};
/* End PBXSourcesBuildPhase section */

/* Begin XCBuildConfiguration section */
		1F785C7F2B6242C800896E10 /* Debug */ = {
			isa = XCBuildConfiguration;
			buildSettings = {
				ALWAYS_SEARCH_USER_PATHS = NO;
				ASSETCATALOG_COMPILER_GENERATE_SWIFT_ASSET_SYMBOL_EXTENSIONS = YES;
				CLANG_ANALYZER_NONNULL = YES;
				CLANG_ANALYZER_NUMBER_OBJECT_CONVERSION = YES_AGGRESSIVE;
				CLANG_CXX_LANGUAGE_STANDARD = "gnu++20";
				CLANG_ENABLE_MODULES = YES;
				CLANG_ENABLE_OBJC_ARC = YES;
				CLANG_ENABLE_OBJC_WEAK = YES;
				CLANG_WARN_BLOCK_CAPTURE_AUTORELEASING = YES;
				CLANG_WARN_BOOL_CONVERSION = YES;
				CLANG_WARN_COMMA = YES;
				CLANG_WARN_CONSTANT_CONVERSION = YES;
				CLANG_WARN_DEPRECATED_OBJC_IMPLEMENTATIONS = YES;
				CLANG_WARN_DIRECT_OBJC_ISA_USAGE = YES_ERROR;
				CLANG_WARN_DOCUMENTATION_COMMENTS = YES;
				CLANG_WARN_EMPTY_BODY = YES;
				CLANG_WARN_ENUM_CONVERSION = YES;
				CLANG_WARN_INFINITE_RECURSION = YES;
				CLANG_WARN_INT_CONVERSION = YES;
				CLANG_WARN_NON_LITERAL_NULL_CONVERSION = YES;
				CLANG_WARN_OBJC_IMPLICIT_RETAIN_SELF = YES;
				CLANG_WARN_OBJC_LITERAL_CONVERSION = YES;
				CLANG_WARN_OBJC_ROOT_CLASS = YES_ERROR;
				CLANG_WARN_QUOTED_INCLUDE_IN_FRAMEWORK_HEADER = YES;
				CLANG_WARN_RANGE_LOOP_ANALYSIS = YES;
				CLANG_WARN_STRICT_PROTOTYPES = YES;
				CLANG_WARN_SUSPICIOUS_MOVE = YES;
				CLANG_WARN_UNGUARDED_AVAILABILITY = YES_AGGRESSIVE;
				CLANG_WARN_UNREACHABLE_CODE = YES;
				CLANG_WARN__DUPLICATE_METHOD_MATCH = YES;
				COPY_PHASE_STRIP = NO;
				DEBUG_INFORMATION_FORMAT = dwarf;
				ENABLE_STRICT_OBJC_MSGSEND = YES;
				ENABLE_TESTABILITY = YES;
				ENABLE_USER_SCRIPT_SANDBOXING = YES;
				GCC_C_LANGUAGE_STANDARD = gnu17;
				GCC_DYNAMIC_NO_PIC = NO;
				GCC_NO_COMMON_BLOCKS = YES;
				GCC_OPTIMIZATION_LEVEL = 0;
				GCC_PREPROCESSOR_DEFINITIONS = (
					"DEBUG=1",
					"$(inherited)",
				);
				GCC_WARN_64_TO_32_BIT_CONVERSION = YES;
				GCC_WARN_ABOUT_RETURN_TYPE = YES_ERROR;
				GCC_WARN_UNDECLARED_SELECTOR = YES;
				GCC_WARN_UNINITIALIZED_AUTOS = YES_AGGRESSIVE;
				GCC_WARN_UNUSED_FUNCTION = YES;
				GCC_WARN_UNUSED_VARIABLE = YES;
				IPHONEOS_DEPLOYMENT_TARGET = 17.2;
				LOCALIZATION_PREFERS_STRING_CATALOGS = YES;
				MTL_ENABLE_DEBUG_INFO = INCLUDE_SOURCE;
				MTL_FAST_MATH = YES;
				ONLY_ACTIVE_ARCH = YES;
				SDKROOT = iphoneos;
				SWIFT_ACTIVE_COMPILATION_CONDITIONS = "DEBUG $(inherited)";
				SWIFT_OPTIMIZATION_LEVEL = "-Onone";
			};
			name = Debug;
		};
		1F785C802B6242C800896E10 /* Release */ = {
			isa = XCBuildConfiguration;
			buildSettings = {
				ALWAYS_SEARCH_USER_PATHS = NO;
				ASSETCATALOG_COMPILER_GENERATE_SWIFT_ASSET_SYMBOL_EXTENSIONS = YES;
				CLANG_ANALYZER_NONNULL = YES;
				CLANG_ANALYZER_NUMBER_OBJECT_CONVERSION = YES_AGGRESSIVE;
				CLANG_CXX_LANGUAGE_STANDARD = "gnu++20";
				CLANG_ENABLE_MODULES = YES;
				CLANG_ENABLE_OBJC_ARC = YES;
				CLANG_ENABLE_OBJC_WEAK = YES;
				CLANG_WARN_BLOCK_CAPTURE_AUTORELEASING = YES;
				CLANG_WARN_BOOL_CONVERSION = YES;
				CLANG_WARN_COMMA = YES;
				CLANG_WARN_CONSTANT_CONVERSION = YES;
				CLANG_WARN_DEPRECATED_OBJC_IMPLEMENTATIONS = YES;
				CLANG_WARN_DIRECT_OBJC_ISA_USAGE = YES_ERROR;
				CLANG_WARN_DOCUMENTATION_COMMENTS = YES;
				CLANG_WARN_EMPTY_BODY = YES;
				CLANG_WARN_ENUM_CONVERSION = YES;
				CLANG_WARN_INFINITE_RECURSION = YES;
				CLANG_WARN_INT_CONVERSION = YES;
				CLANG_WARN_NON_LITERAL_NULL_CONVERSION = YES;
				CLANG_WARN_OBJC_IMPLICIT_RETAIN_SELF = YES;
				CLANG_WARN_OBJC_LITERAL_CONVERSION = YES;
				CLANG_WARN_OBJC_ROOT_CLASS = YES_ERROR;
				CLANG_WARN_QUOTED_INCLUDE_IN_FRAMEWORK_HEADER = YES;
				CLANG_WARN_RANGE_LOOP_ANALYSIS = YES;
				CLANG_WARN_STRICT_PROTOTYPES = YES;
				CLANG_WARN_SUSPICIOUS_MOVE = YES;
				CLANG_WARN_UNGUARDED_AVAILABILITY = YES_AGGRESSIVE;
				CLANG_WARN_UNREACHABLE_CODE = YES;
				CLANG_WARN__DUPLICATE_METHOD_MATCH = YES;
				COPY_PHASE_STRIP = NO;
				DEBUG_INFORMATION_FORMAT = "dwarf-with-dsym";
				ENABLE_NS_ASSERTIONS = NO;
				ENABLE_STRICT_OBJC_MSGSEND = YES;
				ENABLE_USER_SCRIPT_SANDBOXING = YES;
				GCC_C_LANGUAGE_STANDARD = gnu17;
				GCC_NO_COMMON_BLOCKS = YES;
				GCC_WARN_64_TO_32_BIT_CONVERSION = YES;
				GCC_WARN_ABOUT_RETURN_TYPE = YES_ERROR;
				GCC_WARN_UNDECLARED_SELECTOR = YES;
				GCC_WARN_UNINITIALIZED_AUTOS = YES_AGGRESSIVE;
				GCC_WARN_UNUSED_FUNCTION = YES;
				GCC_WARN_UNUSED_VARIABLE = YES;
				IPHONEOS_DEPLOYMENT_TARGET = 17.2;
				LOCALIZATION_PREFERS_STRING_CATALOGS = YES;
				MTL_ENABLE_DEBUG_INFO = NO;
				MTL_FAST_MATH = YES;
				SDKROOT = iphoneos;
				SWIFT_COMPILATION_MODE = wholemodule;
				VALIDATE_PRODUCT = YES;
			};
			name = Release;
		};
		1F785C822B6242C800896E10 /* Debug */ = {
			isa = XCBuildConfiguration;
			buildSettings = {
				ASSETCATALOG_COMPILER_APPICON_NAME = AppIcon;
				ASSETCATALOG_COMPILER_GLOBAL_ACCENT_COLOR_NAME = AccentColor;
				CODE_SIGN_STYLE = Automatic;
				CURRENT_PROJECT_VERSION = 1;
				DEVELOPMENT_ASSET_PATHS = "\"myBuddyBuddy/Preview Content\"";
				ENABLE_PREVIEWS = YES;
				GENERATE_INFOPLIST_FILE = YES;
				INFOPLIST_KEY_UIApplicationSceneManifest_Generation = YES;
				INFOPLIST_KEY_UIApplicationSupportsIndirectInputEvents = YES;
				INFOPLIST_KEY_UILaunchScreen_Generation = YES;
				INFOPLIST_KEY_UISupportedInterfaceOrientations_iPad = "UIInterfaceOrientationPortrait UIInterfaceOrientationPortraitUpsideDown UIInterfaceOrientationLandscapeLeft UIInterfaceOrientationLandscapeRight";
				INFOPLIST_KEY_UISupportedInterfaceOrientations_iPhone = "UIInterfaceOrientationPortrait UIInterfaceOrientationLandscapeLeft UIInterfaceOrientationLandscapeRight";
				IPHONEOS_DEPLOYMENT_TARGET = 16.0;
				LD_RUNPATH_SEARCH_PATHS = (
					"$(inherited)",
					"@executable_path/Frameworks",
				);
				MARKETING_VERSION = 1.0;
				PRODUCT_BUNDLE_IDENTIFIER = com.joo.myBuddyBuddy;
				PRODUCT_NAME = "$(TARGET_NAME)";
				SWIFT_EMIT_LOC_STRINGS = YES;
				SWIFT_VERSION = 5.0;
				TARGETED_DEVICE_FAMILY = "1,2";
			};
			name = Debug;
		};
		1F785C832B6242C800896E10 /* Release */ = {
			isa = XCBuildConfiguration;
			buildSettings = {
				ASSETCATALOG_COMPILER_APPICON_NAME = AppIcon;
				ASSETCATALOG_COMPILER_GLOBAL_ACCENT_COLOR_NAME = AccentColor;
				CODE_SIGN_STYLE = Automatic;
				CURRENT_PROJECT_VERSION = 1;
				DEVELOPMENT_ASSET_PATHS = "\"myBuddyBuddy/Preview Content\"";
				ENABLE_PREVIEWS = YES;
				GENERATE_INFOPLIST_FILE = YES;
				INFOPLIST_KEY_UIApplicationSceneManifest_Generation = YES;
				INFOPLIST_KEY_UIApplicationSupportsIndirectInputEvents = YES;
				INFOPLIST_KEY_UILaunchScreen_Generation = YES;
				INFOPLIST_KEY_UISupportedInterfaceOrientations_iPad = "UIInterfaceOrientationPortrait UIInterfaceOrientationPortraitUpsideDown UIInterfaceOrientationLandscapeLeft UIInterfaceOrientationLandscapeRight";
				INFOPLIST_KEY_UISupportedInterfaceOrientations_iPhone = "UIInterfaceOrientationPortrait UIInterfaceOrientationLandscapeLeft UIInterfaceOrientationLandscapeRight";
				IPHONEOS_DEPLOYMENT_TARGET = 16.0;
				LD_RUNPATH_SEARCH_PATHS = (
					"$(inherited)",
					"@executable_path/Frameworks",
				);
				MARKETING_VERSION = 1.0;
				PRODUCT_BUNDLE_IDENTIFIER = com.joo.myBuddyBuddy;
				PRODUCT_NAME = "$(TARGET_NAME)";
				SWIFT_EMIT_LOC_STRINGS = YES;
				SWIFT_VERSION = 5.0;
				TARGETED_DEVICE_FAMILY = "1,2";
			};
			name = Release;
		};
/* End XCBuildConfiguration section */

/* Begin XCConfigurationList section */
		1F785C6E2B6242C500896E10 /* Build configuration list for PBXProject "myBuddyBuddy" */ = {
			isa = XCConfigurationList;
			buildConfigurations = (
				1F785C7F2B6242C800896E10 /* Debug */,
				1F785C802B6242C800896E10 /* Release */,
			);
			defaultConfigurationIsVisible = 0;
			defaultConfigurationName = Release;
		};
		1F785C812B6242C800896E10 /* Build configuration list for PBXNativeTarget "myBuddyBuddy" */ = {
			isa = XCConfigurationList;
			buildConfigurations = (
				1F785C822B6242C800896E10 /* Debug */,
				1F785C832B6242C800896E10 /* Release */,
			);
			defaultConfigurationIsVisible = 0;
			defaultConfigurationName = Release;
		};
/* End XCConfigurationList section */
	};
	rootObject = 1F785C6B2B6242C500896E10 /* Project object */;
}
